{
  "version": 4,
  "terraform_version": "1.13.3",
  "serial": 192,
  "lineage": "607888cd-da23-8394-ba55-0c0249968ece",
  "outputs": {
    "oracle_agent_id": {
      "value": "YBSYV4RYK5",
      "type": "string"
    },
    "oracle_alias_arn": {
      "value": "arn:aws:bedrock:eu-central-1:408877236899:agent-alias/YBSYV4RYK5/TH1NGBM5UR",
      "type": "string"
    },
    "sage_agent_id": {
      "value": "N5GNDXV89E",
      "type": "string"
    },
    "sage_alias_arn": {
      "value": "arn:aws:bedrock:eu-central-1:408877236899:agent-alias/N5GNDXV89E/IGSMCSIKPE",
      "type": "string"
    },
    "supervisor_agent_id": {
      "value": "L4D5VOI9EV",
      "type": "string"
    },
    "supervisor_alias_arn": {
      "value": "arn:aws:bedrock:eu-central-1:408877236899:agent-alias/L4D5VOI9EV/BWRQJYCOZF",
      "type": "string"
    },
    "supervisor_alias_id": {
      "value": "BWRQJYCOZF",
      "type": "string"
    }
  },
  "resources": [
    {
      "mode": "data",
      "type": "archive_file",
      "name": "lambda_zip",
      "provider": "provider[\"registry.terraform.io/hashicorp/archive\"]",
      "instances": [
        {
          "schema_version": 0,
          "attributes": {
            "exclude_symlink_directories": null,
            "excludes": null,
            "id": "fc093d16b280a177347b6e8b31efb3a58df05cb4",
            "output_base64sha256": "UTtLtiGnTGv6hnQZAdAAn6KO84XaM84eYubycNi/QEs=",
            "output_base64sha512": "CUnqMNdAMybrO5EX1O6Zx778lblgstnzPTARC38SxC4+FVuo1CVI8Aft5HAn/0gsGLyoFOduMZGCjlQS20ESow==",
            "output_file_mode": null,
            "output_md5": "94e318b2cb92d4c1911c82c8eba6589c",
            "output_path": "./lambda.zip",
            "output_sha": "fc093d16b280a177347b6e8b31efb3a58df05cb4",
            "output_sha256": "513b4bb621a74c6bfa86741901d0009fa28ef385da33ce1e62e6f270d8bf404b",
            "output_sha512": "0949ea30d7403326eb3b9117d4ee99c7befc95b960b2d9f33d30110b7f12c42e3e155ba8d42548f007ede47027ff482c18bca814e76e3191828e5412db4112a3",
            "output_size": 2449,
            "source": [],
            "source_content": null,
            "source_content_filename": null,
            "source_dir": "./lambda",
            "source_file": null,
            "type": "zip"
          },
          "sensitive_attributes": [],
          "identity_schema_version": 0
        }
      ]
    },
    {
      "mode": "managed",
      "type": "aws_bedrockagent_agent",
      "name": "oracle",
      "provider": "provider[\"registry.terraform.io/hashicorp/aws\"]",
      "instances": [
        {
          "schema_version": 0,
          "attributes": {
            "agent_arn": "arn:aws:bedrock:eu-central-1:408877236899:agent/YBSYV4RYK5",
            "agent_collaboration": "DISABLED",
            "agent_id": "YBSYV4RYK5",
            "agent_name": "wisdom_council-dev_oracle",
            "agent_resource_role_arn": "arn:aws:iam::408877236899:role/bedsheet-wisdom_council-dev-agent-role",
            "agent_version": null,
            "customer_encryption_key_arn": null,
            "description": null,
            "foundation_model": "anthropic.claude-sonnet-4-5-20250929-v1:0",
            "guardrail_configuration": null,
            "id": "YBSYV4RYK5",
            "idle_session_ttl_in_seconds": 600,
            "instruction": "You are Oracle, a pragmatic advisor focused on practical application and tangible results.\n\nYour role is to dissect challenges into ACTIONABLE STEPS and identify IMMEDIATE OPPORTUNITIES. When consulted:\n- Provide clear, concrete strategies\n- Identify specific next steps and decision points\n- Predict likely outcomes based on current trends\n- Focus on what can be done now\n\nYou do not use tools. Your insights come from pattern recognition and practical experience.\n\nProvide your response in 2-3 concise paragraphs with specific recommendations.\n",
            "memory_configuration": null,
            "prepare_agent": true,
            "prepared_at": "2025-12-23T15:35:27Z",
            "prompt_override_configuration": [
              {
                "override_lambda": null,
                "prompt_configurations": null
              }
            ],
            "region": "eu-central-1",
            "skip_resource_in_use_check": false,
            "tags": {
              "AgentType": "Collaborator",
              "BedsheetVersion": "0.4.0",
              "Environment": "dev",
              "ManagedBy": "Bedsheet",
              "Project": "wisdom_council"
            },
            "tags_all": {
              "AgentType": "Collaborator",
              "BedsheetVersion": "0.4.0",
              "Environment": "dev",
              "ManagedBy": "Bedsheet",
              "Project": "wisdom_council"
            },
            "timeouts": null
          },
          "sensitive_attributes": [],
          "identity_schema_version": 0,
          "dependencies": [
            "aws_iam_role.agent_role"
          ]
        }
      ]
    },
    {
      "mode": "managed",
      "type": "aws_bedrockagent_agent",
      "name": "sage",
      "provider": "provider[\"registry.terraform.io/hashicorp/aws\"]",
      "instances": [
        {
          "schema_version": 0,
          "attributes": {
            "agent_arn": "arn:aws:bedrock:eu-central-1:408877236899:agent/N5GNDXV89E",
            "agent_collaboration": "DISABLED",
            "agent_id": "N5GNDXV89E",
            "agent_name": "wisdom_council-dev_sage",
            "agent_resource_role_arn": "arn:aws:iam::408877236899:role/bedsheet-wisdom_council-dev-agent-role",
            "agent_version": null,
            "customer_encryption_key_arn": null,
            "description": null,
            "foundation_model": "anthropic.claude-sonnet-4-5-20250929-v1:0",
            "guardrail_configuration": null,
            "id": "N5GNDXV89E",
            "idle_session_ttl_in_seconds": 600,
            "instruction": "You are Sage, a contemplative philosopher with deep knowledge of history, ethics, and human nature.\n\nYour role is to offer PERSPECTIVE and WISDOM, not immediate solutions. When consulted:\n- Draw from historical precedents and philosophical frameworks\n- Explore the deeper meaning and ethical dimensions\n- Reflect on long-term consequences and timeless principles\n- Use a thoughtful, measured tone\n\nYou do not use tools. Your wisdom comes from reflection and synthesis of knowledge across centuries of human experience.\n\nProvide your response in 2-3 concise paragraphs.\n",
            "memory_configuration": null,
            "prepare_agent": true,
            "prepared_at": "2025-12-23T15:35:27Z",
            "prompt_override_configuration": [
              {
                "override_lambda": null,
                "prompt_configurations": null
              }
            ],
            "region": "eu-central-1",
            "skip_resource_in_use_check": false,
            "tags": {
              "AgentType": "Collaborator",
              "BedsheetVersion": "0.4.0",
              "Environment": "dev",
              "ManagedBy": "Bedsheet",
              "Project": "wisdom_council"
            },
            "tags_all": {
              "AgentType": "Collaborator",
              "BedsheetVersion": "0.4.0",
              "Environment": "dev",
              "ManagedBy": "Bedsheet",
              "Project": "wisdom_council"
            },
            "timeouts": null
          },
          "sensitive_attributes": [],
          "identity_schema_version": 0,
          "dependencies": [
            "aws_iam_role.agent_role"
          ]
        }
      ]
    },
    {
      "mode": "managed",
      "type": "aws_bedrockagent_agent",
      "name": "supervisor",
      "provider": "provider[\"registry.terraform.io/hashicorp/aws\"]",
      "instances": [
        {
          "schema_version": 0,
          "attributes": {
            "agent_arn": "arn:aws:bedrock:eu-central-1:408877236899:agent/L4D5VOI9EV",
            "agent_collaboration": "SUPERVISOR_ROUTER",
            "agent_id": "L4D5VOI9EV",
            "agent_name": "wisdom_council-dev",
            "agent_resource_role_arn": "arn:aws:iam::408877236899:role/bedsheet-wisdom_council-dev-agent-role",
            "agent_version": null,
            "customer_encryption_key_arn": null,
            "description": null,
            "foundation_model": "anthropic.claude-sonnet-4-5-20250929-v1:0",
            "guardrail_configuration": null,
            "id": "L4D5VOI9EV",
            "idle_session_ttl_in_seconds": 600,
            "instruction": "You are Judge, a wise coordinator who seeks counsel from expert advisors to make balanced decisions.\n\nWhen a question arrives:\n1. Consult BOTH Sage and Oracle to gather their perspectives.\n   - Ask Sage for philosophical wisdom and deeper meaning\n   - Ask Oracle for practical guidance and actionable steps\n\n2. After receiving both responses, you MUST:\n   - RATE each response on a scale of 1-10 for: Clarity, Depth, Actionability\n   - Provide a brief justification for each rating\n   - Synthesize their wisdom into a balanced final judgment\n   - Recommend a course of action that honors both perspectives\n\nFormat your final response as:\n\n**Sage's Response - Ratings:**\n- Clarity: [1-10] - [reason]\n- Depth: [1-10] - [reason]\n- Actionability: [1-10] - [reason]\n\n**Oracle's Response - Ratings:**\n- Clarity: [1-10] - [reason]\n- Depth: [1-10] - [reason]\n- Actionability: [1-10] - [reason]\n\n**Synthesis:**\n[Your balanced wisdom incorporating both perspectives]\n\n**Recommended Path:**\n[Specific next steps]\n\nAlways consult both advisors. Always rate both responses before synthesizing.\n",
            "memory_configuration": null,
            "prepare_agent": false,
            "prepared_at": "2025-12-22T20:08:07Z",
            "prompt_override_configuration": [
              {
                "override_lambda": null,
                "prompt_configurations": null
              }
            ],
            "region": "eu-central-1",
            "skip_resource_in_use_check": false,
            "tags": {
              "AgentType": "Supervisor",
              "BedsheetVersion": "0.4.0",
              "Environment": "dev",
              "ManagedBy": "Bedsheet",
              "Project": "wisdom_council"
            },
            "tags_all": {
              "AgentType": "Supervisor",
              "BedsheetVersion": "0.4.0",
              "Environment": "dev",
              "ManagedBy": "Bedsheet",
              "Project": "wisdom_council"
            },
            "timeouts": null
          },
          "sensitive_attributes": [],
          "identity_schema_version": 0,
          "dependencies": [
            "aws_iam_role.agent_role"
          ]
        }
      ]
    },
    {
      "mode": "managed",
      "type": "aws_bedrockagent_agent_alias",
      "name": "oracle",
      "provider": "provider[\"registry.terraform.io/hashicorp/aws\"]",
      "instances": [
        {
          "schema_version": 0,
          "attributes": {
            "agent_alias_arn": "arn:aws:bedrock:eu-central-1:408877236899:agent-alias/YBSYV4RYK5/TH1NGBM5UR",
            "agent_alias_id": "TH1NGBM5UR",
            "agent_alias_name": "live",
            "agent_id": "YBSYV4RYK5",
            "description": "Live alias for Oracle",
            "id": "TH1NGBM5UR,YBSYV4RYK5",
            "region": "eu-central-1",
            "routing_configuration": [
              {
                "agent_version": "1",
                "provisioned_throughput": null
              }
            ],
            "tags": null,
            "tags_all": {},
            "timeouts": null
          },
          "sensitive_attributes": [],
          "identity_schema_version": 0,
          "dependencies": [
            "aws_bedrockagent_agent.oracle",
            "aws_iam_role.agent_role"
          ]
        }
      ]
    },
    {
      "mode": "managed",
      "type": "aws_bedrockagent_agent_alias",
      "name": "sage",
      "provider": "provider[\"registry.terraform.io/hashicorp/aws\"]",
      "instances": [
        {
          "schema_version": 0,
          "attributes": {
            "agent_alias_arn": "arn:aws:bedrock:eu-central-1:408877236899:agent-alias/N5GNDXV89E/IGSMCSIKPE",
            "agent_alias_id": "IGSMCSIKPE",
            "agent_alias_name": "live",
            "agent_id": "N5GNDXV89E",
            "description": "Live alias for Sage",
            "id": "IGSMCSIKPE,N5GNDXV89E",
            "region": "eu-central-1",
            "routing_configuration": [
              {
                "agent_version": "1",
                "provisioned_throughput": null
              }
            ],
            "tags": null,
            "tags_all": {},
            "timeouts": null
          },
          "sensitive_attributes": [],
          "identity_schema_version": 0,
          "dependencies": [
            "aws_bedrockagent_agent.sage",
            "aws_iam_role.agent_role"
          ]
        }
      ]
    },
    {
      "mode": "managed",
      "type": "aws_bedrockagent_agent_alias",
      "name": "supervisor",
      "provider": "provider[\"registry.terraform.io/hashicorp/aws\"]",
      "instances": [
        {
          "schema_version": 0,
          "attributes": {
            "agent_alias_arn": "arn:aws:bedrock:eu-central-1:408877236899:agent-alias/L4D5VOI9EV/BWRQJYCOZF",
            "agent_alias_id": "BWRQJYCOZF",
            "agent_alias_name": "live",
            "agent_id": "L4D5VOI9EV",
            "description": "Live alias for Judge",
            "id": "BWRQJYCOZF,L4D5VOI9EV",
            "region": "eu-central-1",
            "routing_configuration": [
              {
                "agent_version": "2",
                "provisioned_throughput": null
              }
            ],
            "tags": null,
            "tags_all": {},
            "timeouts": null
          },
          "sensitive_attributes": [],
          "identity_schema_version": 0,
          "dependencies": [
            "aws_bedrockagent_agent.supervisor",
            "aws_iam_role.agent_role"
          ]
        }
      ]
    },
    {
      "mode": "managed",
      "type": "aws_bedrockagent_agent_collaborator",
      "name": "oracle",
      "provider": "provider[\"registry.terraform.io/hashicorp/aws\"]",
      "instances": [
        {
          "schema_version": 0,
          "attributes": {
            "agent_descriptor": [
              {
                "alias_arn": "arn:aws:bedrock:eu-central-1:408877236899:agent-alias/YBSYV4RYK5/TH1NGBM5UR"
              }
            ],
            "agent_id": "L4D5VOI9EV",
            "agent_version": "DRAFT",
            "collaboration_instruction": "A pragmatic advisor for practical guidance and actionable steps",
            "collaborator_id": "32JLMNA7PT",
            "collaborator_name": "Oracle",
            "id": "L4D5VOI9EV,DRAFT,32JLMNA7PT",
            "prepare_agent": true,
            "region": "eu-central-1",
            "relay_conversation_history": "TO_COLLABORATOR",
            "timeouts": null
          },
          "sensitive_attributes": [],
          "identity_schema_version": 0,
          "dependencies": [
            "aws_bedrockagent_agent.oracle",
            "aws_bedrockagent_agent.supervisor",
            "aws_bedrockagent_agent_alias.oracle",
            "aws_iam_role.agent_role"
          ]
        }
      ]
    },
    {
      "mode": "managed",
      "type": "aws_bedrockagent_agent_collaborator",
      "name": "sage",
      "provider": "provider[\"registry.terraform.io/hashicorp/aws\"]",
      "instances": [
        {
          "schema_version": 0,
          "attributes": {
            "agent_descriptor": [
              {
                "alias_arn": "arn:aws:bedrock:eu-central-1:408877236899:agent-alias/N5GNDXV89E/IGSMCSIKPE"
              }
            ],
            "agent_id": "L4D5VOI9EV",
            "agent_version": "DRAFT",
            "collaboration_instruction": "A contemplative philosopher for wisdom and deeper meaning",
            "collaborator_id": "TKL9ZILCSN",
            "collaborator_name": "Sage",
            "id": "L4D5VOI9EV,DRAFT,TKL9ZILCSN",
            "prepare_agent": true,
            "region": "eu-central-1",
            "relay_conversation_history": "TO_COLLABORATOR",
            "timeouts": null
          },
          "sensitive_attributes": [],
          "identity_schema_version": 0,
          "dependencies": [
            "aws_bedrockagent_agent.sage",
            "aws_bedrockagent_agent.supervisor",
            "aws_bedrockagent_agent_alias.sage",
            "aws_iam_role.agent_role"
          ]
        }
      ]
    },
    {
      "mode": "managed",
      "type": "aws_iam_role",
      "name": "agent_role",
      "provider": "provider[\"registry.terraform.io/hashicorp/aws\"]",
      "instances": [
        {
          "schema_version": 0,
          "attributes": {
            "arn": "arn:aws:iam::408877236899:role/bedsheet-wisdom_council-dev-agent-role",
            "assume_role_policy": "{\"Statement\":[{\"Action\":\"sts:AssumeRole\",\"Effect\":\"Allow\",\"Principal\":{\"Service\":\"bedrock.amazonaws.com\"}}],\"Version\":\"2012-10-17\"}",
            "create_date": "2025-12-22T20:07:48Z",
            "description": "",
            "force_detach_policies": false,
            "id": "bedsheet-wisdom_council-dev-agent-role",
            "inline_policy": [
              {
                "name": "bedsheet-wisdom_council-dev-agent-permissions",
                "policy": "{\"Version\":\"2012-10-17\",\"Statement\":[{\"Action\":[\"bedrock-agent-runtime:InvokeAgent\",\"bedrock:InvokeModel\",\"bedrock:InvokeModelWithResponseStream\"],\"Effect\":\"Allow\",\"Resource\":\"*\"}]}"
              }
            ],
            "managed_policy_arns": [
              "arn:aws:iam::aws:policy/AmazonBedrockFullAccess"
            ],
            "max_session_duration": 3600,
            "name": "bedsheet-wisdom_council-dev-agent-role",
            "name_prefix": "",
            "path": "/",
            "permissions_boundary": "",
            "tags": {
              "BedsheetVersion": "0.4.0",
              "Environment": "dev",
              "ManagedBy": "Bedsheet",
              "Project": "wisdom_council"
            },
            "tags_all": {
              "BedsheetVersion": "0.4.0",
              "Environment": "dev",
              "ManagedBy": "Bedsheet",
              "Project": "wisdom_council"
            },
            "unique_id": "AROAV6MX3QKR3GQQO3K2M"
          },
          "sensitive_attributes": [],
          "identity_schema_version": 0,
          "identity": {
            "account_id": "408877236899",
            "name": "bedsheet-wisdom_council-dev-agent-role"
          },
          "private": "bnVsbA=="
        }
      ]
    },
    {
      "mode": "managed",
      "type": "aws_iam_role",
      "name": "lambda_role",
      "provider": "provider[\"registry.terraform.io/hashicorp/aws\"]",
      "instances": [
        {
          "schema_version": 0,
          "attributes": {
            "arn": "arn:aws:iam::408877236899:role/bedsheet-wisdom_council-dev-lambda-role",
            "assume_role_policy": "{\"Statement\":[{\"Action\":\"sts:AssumeRole\",\"Effect\":\"Allow\",\"Principal\":{\"Service\":\"lambda.amazonaws.com\"}}],\"Version\":\"2012-10-17\"}",
            "create_date": "2025-12-22T20:07:48Z",
            "description": "",
            "force_detach_policies": false,
            "id": "bedsheet-wisdom_council-dev-lambda-role",
            "inline_policy": [
              {
                "name": "bedsheet-wisdom_council-dev-lambda-bedrock",
                "policy": "{\"Version\":\"2012-10-17\",\"Statement\":[{\"Action\":[\"bedrock:InvokeModel\",\"bedrock:InvokeAgent\"],\"Effect\":\"Allow\",\"Resource\":\"*\"},{\"Action\":[\"bedrock-agent-runtime:InvokeAgent\"],\"Effect\":\"Allow\",\"Resource\":\"*\"}]}"
              }
            ],
            "managed_policy_arns": [
              "arn:aws:iam::aws:policy/service-role/AWSLambdaBasicExecutionRole"
            ],
            "max_session_duration": 3600,
            "name": "bedsheet-wisdom_council-dev-lambda-role",
            "name_prefix": "",
            "path": "/",
            "permissions_boundary": "",
            "tags": {
              "BedsheetVersion": "0.4.0",
              "Environment": "dev",
              "ManagedBy": "Bedsheet",
              "Project": "wisdom_council"
            },
            "tags_all": {
              "BedsheetVersion": "0.4.0",
              "Environment": "dev",
              "ManagedBy": "Bedsheet",
              "Project": "wisdom_council"
            },
            "unique_id": "AROAV6MX3QKR7AI44EVIW"
          },
          "sensitive_attributes": [],
          "identity_schema_version": 0,
          "identity": {
            "account_id": "408877236899",
            "name": "bedsheet-wisdom_council-dev-lambda-role"
          },
          "private": "bnVsbA=="
        }
      ]
    },
    {
      "mode": "managed",
      "type": "aws_iam_role_policy",
      "name": "agent_permissions",
      "provider": "provider[\"registry.terraform.io/hashicorp/aws\"]",
      "instances": [
        {
          "schema_version": 0,
          "attributes": {
            "id": "bedsheet-wisdom_council-dev-agent-role:bedsheet-wisdom_council-dev-agent-permissions",
            "name": "bedsheet-wisdom_council-dev-agent-permissions",
            "name_prefix": "",
            "policy": "{\"Version\":\"2012-10-17\",\"Statement\":[{\"Action\":[\"bedrock-agent-runtime:InvokeAgent\",\"bedrock:InvokeModel\",\"bedrock:InvokeModelWithResponseStream\"],\"Effect\":\"Allow\",\"Resource\":\"*\"}]}",
            "role": "bedsheet-wisdom_council-dev-agent-role"
          },
          "sensitive_attributes": [],
          "identity_schema_version": 0,
          "identity": {
            "account_id": "408877236899",
            "name": "bedsheet-wisdom_council-dev-agent-permissions",
            "role": "bedsheet-wisdom_council-dev-agent-role"
          },
          "private": "bnVsbA==",
          "dependencies": [
            "aws_iam_role.agent_role"
          ]
        }
      ]
    },
    {
      "mode": "managed",
      "type": "aws_iam_role_policy",
      "name": "lambda_bedrock",
      "provider": "provider[\"registry.terraform.io/hashicorp/aws\"]",
      "instances": [
        {
          "schema_version": 0,
          "attributes": {
            "id": "bedsheet-wisdom_council-dev-lambda-role:bedsheet-wisdom_council-dev-lambda-bedrock",
            "name": "bedsheet-wisdom_council-dev-lambda-bedrock",
            "name_prefix": "",
            "policy": "{\"Version\":\"2012-10-17\",\"Statement\":[{\"Action\":[\"bedrock:InvokeModel\",\"bedrock:InvokeAgent\"],\"Effect\":\"Allow\",\"Resource\":\"*\"},{\"Action\":[\"bedrock-agent-runtime:InvokeAgent\"],\"Effect\":\"Allow\",\"Resource\":\"*\"}]}",
            "role": "bedsheet-wisdom_council-dev-lambda-role"
          },
          "sensitive_attributes": [],
          "identity_schema_version": 0,
          "identity": {
            "account_id": "408877236899",
            "name": "bedsheet-wisdom_council-dev-lambda-bedrock",
            "role": "bedsheet-wisdom_council-dev-lambda-role"
          },
          "private": "bnVsbA==",
          "dependencies": [
            "aws_iam_role.lambda_role"
          ]
        }
      ]
    },
    {
      "mode": "managed",
      "type": "aws_iam_role_policy_attachment",
      "name": "bedrock_full_access",
      "provider": "provider[\"registry.terraform.io/hashicorp/aws\"]",
      "instances": [
        {
          "schema_version": 0,
          "attributes": {
            "id": "bedsheet-wisdom_council-dev-agent-role/arn:aws:iam::aws:policy/AmazonBedrockFullAccess",
            "policy_arn": "arn:aws:iam::aws:policy/AmazonBedrockFullAccess",
            "role": "bedsheet-wisdom_council-dev-agent-role"
          },
          "sensitive_attributes": [],
          "identity_schema_version": 0,
          "identity": {
            "account_id": "408877236899",
            "policy_arn": "arn:aws:iam::aws:policy/AmazonBedrockFullAccess",
            "role": "bedsheet-wisdom_council-dev-agent-role"
          },
          "private": "bnVsbA==",
          "dependencies": [
            "aws_iam_role.agent_role"
          ]
        }
      ]
    },
    {
      "mode": "managed",
      "type": "aws_iam_role_policy_attachment",
      "name": "lambda_basic",
      "provider": "provider[\"registry.terraform.io/hashicorp/aws\"]",
      "instances": [
        {
          "schema_version": 0,
          "attributes": {
            "id": "bedsheet-wisdom_council-dev-lambda-role/arn:aws:iam::aws:policy/service-role/AWSLambdaBasicExecutionRole",
            "policy_arn": "arn:aws:iam::aws:policy/service-role/AWSLambdaBasicExecutionRole",
            "role": "bedsheet-wisdom_council-dev-lambda-role"
          },
          "sensitive_attributes": [],
          "identity_schema_version": 0,
          "identity": {
            "account_id": "408877236899",
            "policy_arn": "arn:aws:iam::aws:policy/service-role/AWSLambdaBasicExecutionRole",
            "role": "bedsheet-wisdom_council-dev-lambda-role"
          },
          "private": "bnVsbA==",
          "dependencies": [
            "aws_iam_role.lambda_role"
          ]
        }
      ]
    },
    {
      "mode": "managed",
      "type": "aws_lambda_function",
      "name": "action_lambda",
      "provider": "provider[\"registry.terraform.io/hashicorp/aws\"]",
      "instances": [
        {
          "schema_version": 0,
          "attributes": {
            "architectures": [
              "x86_64"
            ],
            "arn": "arn:aws:lambda:eu-central-1:408877236899:function:bedsheet-wisdom_council-dev-actions",
            "capacity_provider_config": [],
            "code_sha256": "UTtLtiGnTGv6hnQZAdAAn6KO84XaM84eYubycNi/QEs=",
            "code_signing_config_arn": "",
            "dead_letter_config": [],
            "description": "",
            "durable_config": [],
            "environment": [
              {
                "variables": {
                  "COLLABORATOR_ORACLE_AGENT_ID": "YBSYV4RYK5",
                  "COLLABORATOR_ORACLE_ALIAS_ID": "TH1NGBM5UR",
                  "COLLABORATOR_SAGE_AGENT_ID": "N5GNDXV89E",
                  "COLLABORATOR_SAGE_ALIAS_ID": "IGSMCSIKPE"
                }
              }
            ],
            "ephemeral_storage": [
              {
                "size": 512
              }
            ],
            "file_system_config": [],
            "filename": "./lambda.zip",
            "function_name": "bedsheet-wisdom_council-dev-actions",
            "handler": "handler.lambda_handler",
            "id": "bedsheet-wisdom_council-dev-actions",
            "image_config": [],
            "image_uri": "",
            "invoke_arn": "arn:aws:apigateway:eu-central-1:lambda:path/2015-03-31/functions/arn:aws:lambda:eu-central-1:408877236899:function:bedsheet-wisdom_council-dev-actions/invocations",
            "kms_key_arn": "",
            "last_modified": "2025-12-22T20:08:00.174+0000",
            "layers": [],
            "logging_config": [
              {
                "application_log_level": "",
                "log_format": "Text",
                "log_group": "/aws/lambda/bedsheet-wisdom_council-dev-actions",
                "system_log_level": ""
              }
            ],
            "memory_size": 512,
            "package_type": "Zip",
            "publish": false,
            "publish_to": null,
            "qualified_arn": "arn:aws:lambda:eu-central-1:408877236899:function:bedsheet-wisdom_council-dev-actions:$LATEST",
            "qualified_invoke_arn": "arn:aws:apigateway:eu-central-1:lambda:path/2015-03-31/functions/arn:aws:lambda:eu-central-1:408877236899:function:bedsheet-wisdom_council-dev-actions:$LATEST/invocations",
            "region": "eu-central-1",
            "replace_security_groups_on_destroy": null,
            "replacement_security_group_ids": null,
            "reserved_concurrent_executions": -1,
            "role": "arn:aws:iam::408877236899:role/bedsheet-wisdom_council-dev-lambda-role",
            "runtime": "python3.11",
            "s3_bucket": null,
            "s3_key": null,
            "s3_object_version": null,
            "signing_job_arn": "",
            "signing_profile_version_arn": "",
            "skip_destroy": false,
            "snap_start": [],
            "source_code_hash": "UTtLtiGnTGv6hnQZAdAAn6KO84XaM84eYubycNi/QEs=",
            "source_code_size": 2449,
            "source_kms_key_arn": "",
            "tags": {
              "BedsheetVersion": "0.4.0",
              "Environment": "dev",
              "ManagedBy": "Bedsheet",
              "Project": "wisdom_council"
            },
            "tags_all": {
              "BedsheetVersion": "0.4.0",
              "Environment": "dev",
              "ManagedBy": "Bedsheet",
              "Project": "wisdom_council"
            },
            "tenancy_config": [],
            "timeout": 30,
            "timeouts": null,
            "tracing_config": [
              {
                "mode": "PassThrough"
              }
            ],
            "version": "$LATEST",
            "vpc_config": []
          },
          "sensitive_attributes": [],
          "identity_schema_version": 0,
          "identity": {
            "account_id": "408877236899",
            "function_name": "bedsheet-wisdom_council-dev-actions",
            "region": "eu-central-1"
          },
          "private": "eyJlMmJmYjczMC1lY2FhLTExZTYtOGY4OC0zNDM2M2JjN2M0YzAiOnsiY3JlYXRlIjo2MDAwMDAwMDAwMDAsImRlbGV0ZSI6NjAwMDAwMDAwMDAwLCJ1cGRhdGUiOjYwMDAwMDAwMDAwMH19",
          "dependencies": [
            "aws_bedrockagent_agent.oracle",
            "aws_bedrockagent_agent.sage",
            "aws_bedrockagent_agent_alias.oracle",
            "aws_bedrockagent_agent_alias.sage",
            "aws_iam_role.agent_role",
            "aws_iam_role.lambda_role",
            "data.archive_file.lambda_zip"
          ]
        }
      ]
    },
    {
      "mode": "managed",
      "type": "aws_lambda_permission",
      "name": "bedrock_invoke",
      "provider": "provider[\"registry.terraform.io/hashicorp/aws\"]",
      "instances": [
        {
          "schema_version": 0,
          "attributes": {
            "action": "lambda:InvokeFunction",
            "event_source_token": null,
            "function_name": "bedsheet-wisdom_council-dev-actions",
            "function_url_auth_type": null,
            "id": "AllowBedrockInvoke",
            "principal": "bedrock.amazonaws.com",
            "principal_org_id": null,
            "qualifier": "",
            "region": "eu-central-1",
            "source_account": null,
            "source_arn": null,
            "statement_id": "AllowBedrockInvoke",
            "statement_id_prefix": ""
          },
          "sensitive_attributes": [],
          "identity_schema_version": 0,
          "identity": {
            "account_id": "408877236899",
            "function_name": "bedsheet-wisdom_council-dev-actions",
            "qualifier": null,
            "region": "eu-central-1",
            "statement_id": "AllowBedrockInvoke"
          },
          "private": "bnVsbA==",
          "dependencies": [
            "aws_bedrockagent_agent.oracle",
            "aws_bedrockagent_agent.sage",
            "aws_bedrockagent_agent_alias.oracle",
            "aws_bedrockagent_agent_alias.sage",
            "aws_iam_role.agent_role",
            "aws_iam_role.lambda_role",
            "aws_lambda_function.action_lambda",
            "data.archive_file.lambda_zip"
          ]
        }
      ]
    },
    {
      "mode": "managed",
      "type": "null_resource",
      "name": "prepare_supervisor",
      "provider": "provider[\"registry.terraform.io/hashicorp/null\"]",
      "instances": [
        {
          "schema_version": 0,
          "attributes": {
            "id": "1686036981892651539",
            "triggers": {
              "collaborators": "L4D5VOI9EV,DRAFT,TKL9ZILCSN-L4D5VOI9EV,DRAFT,32JLMNA7PT"
            }
          },
          "sensitive_attributes": [],
          "identity_schema_version": 0,
          "dependencies": [
            "aws_bedrockagent_agent.oracle",
            "aws_bedrockagent_agent.sage",
            "aws_bedrockagent_agent.supervisor",
            "aws_bedrockagent_agent_alias.oracle",
            "aws_bedrockagent_agent_alias.sage",
            "aws_bedrockagent_agent_collaborator.oracle",
            "aws_bedrockagent_agent_collaborator.sage",
            "aws_iam_role.agent_role"
          ]
        }
      ]
    }
  ],
  "check_results": null
}
